
Microsoft Visual Studio Solution File, Format Version 12.00
# Visual Studio Version 16
VisualStudioVersion = 16.0.30011.22
MinimumVisualStudioVersion = 10.0.40219.1
Project("{FAE04EC0-301F-11D3-BF4B-00C04F79EFBC}") = "Codetest", "Codetest\Codetest.csproj", "{568A90F4-7024-4828-9292-D89F3D3CD90C}"
EndProject
Global
	GlobalSection(SolutionConfigurationPlatforms) = preSolution
		Debug|Any CPU = Debug|Any CPU
		Release|Any CPU = Release|Any CPU
	EndGlobalSection
	GlobalSection(ProjectConfigurationPlatforms) = postSolution
		{568A90F4-7024-4828-9292-D89F3D3CD90C}.Debug|Any CPU.ActiveCfg = Debug|Any CPU
		{568A90F4-7024-4828-9292-D89F3D3CD90C}.Debug|Any CPU.Build.0 = Debug|Any CPU
		{568A90F4-7024-4828-9292-D89F3D3CD90C}.Release|Any CPU.ActiveCfg = Release|Any CPU
		{568A90F4-7024-4828-9292-D89F3D3CD90C}.Release|Any CPU.Build.0 = Release|Any CPU
	EndGlobalSection
	GlobalSection(SolutionProperties) = preSolution
		HideSolutionNode = FALSE
	EndGlobalSection
	GlobalSection(ExtensibilityGlobals) = postSolution
		SolutionGuid = {9CA4C70E-7AB1-4380-B8A9-CC6D93CFB3C1}
	EndGlobalSection
EndGlobal
